// !$*UTF8*$!
{
	archiveVersion = 1;
	classes = {
	};
	objectVersion = 50;
	objects = {

/* Begin PBXBuildFile section */
		8E2B54BF221C16E30041A2C9 /* AppDelegate.swift in Sources */ = {isa = PBXBuildFile; fileRef = 8E2B54BE221C16E30041A2C9 /* AppDelegate.swift */; };
		8E2B54C1221C16E30041A2C9 /* ViewController.swift in Sources */ = {isa = PBXBuildFile; fileRef = 8E2B54C0221C16E30041A2C9 /* ViewController.swift */; };
		8E2B54C4221C16E30041A2C9 /* Main.storyboard in Resources */ = {isa = PBXBuildFile; fileRef = 8E2B54C2221C16E30041A2C9 /* Main.storyboard */; };
		8E2B54C6221C16E30041A2C9 /* Assets.xcassets in Resources */ = {isa = PBXBuildFile; fileRef = 8E2B54C5221C16E30041A2C9 /* Assets.xcassets */; };
		8E2B54C9221C16E30041A2C9 /* LaunchScreen.storyboard in Resources */ = {isa = PBXBuildFile; fileRef = 8E2B54C7221C16E30041A2C9 /* LaunchScreen.storyboard */; };
		8E2B54D4221C16E40041A2C9 /* TestingGitHubTests.swift in Sources */ = {isa = PBXBuildFile; fileRef = 8E2B54D3221C16E40041A2C9 /* TestingGitHubTests.swift */; };
		8E2B54DF221C16E40041A2C9 /* TestingGitHubUITests.swift in Sources */ = {isa = PBXBuildFile; fileRef = 8E2B54DE221C16E40041A2C9 /* TestingGitHubUITests.swift */; };
/* End PBXBuildFile section */

/* Begin PBXContainerItemProxy section */
		8E2B54D0221C16E40041A2C9 /* PBXContainerItemProxy */ = {
			isa = PBXContainerItemProxy;
			containerPortal = 8E2B54B3221C16E30041A2C9 /* Project object */;
			proxyType = 1;
			remoteGlobalIDString = 8E2B54BA221C16E30041A2C9;
			remoteInfo = TestingGitHub;
		};
		8E2B54DB221C16E40041A2C9 /* PBXContainerItemProxy */ = {
			isa = PBXContainerItemProxy;
			containerPortal = 8E2B54B3221C16E30041A2C9 /* Project object */;
			proxyType = 1;
			remoteGlobalIDString = 8E2B54BA221C16E30041A2C9;
			remoteInfo = TestingGitHub;
		};
/* End PBXContainerItemProxy section */

/* Begin PBXFileReference section */
		8E2B54BB221C16E30041A2C9 /* TestingGitHub.app */ = {isa = PBXFileReference; explicitFileType = wrapper.application; includeInIndex = 0; path = TestingGitHub.app; sourceTree = BUILT_PRODUCTS_DIR; };
		8E2B54BE221C16E30041A2C9 /* AppDelegate.swift */ = {isa = PBXFileReference; lastKnownFileType = sourcecode.swift; path = AppDelegate.swift; sourceTree = "<group>"; };
		8E2B54C0221C16E30041A2C9 /* ViewController.swift */ = {isa = PBXFileReference; lastKnownFileType = sourcecode.swift; path = ViewController.swift; sourceTree = "<group>"; };
		8E2B54C3221C16E30041A2C9 /* Base */ = {isa = PBXFileReference; lastKnownFileType = file.storyboard; name = Base; path = Base.lproj/Main.storyboard; sourceTree = "<group>"; };
		8E2B54C5221C16E30041A2C9 /* Assets.xcassets */ = {isa = PBXFileReference; lastKnownFileType = folder.assetcatalog; path = Assets.xcassets; sourceTree = "<group>"; };
		8E2B54C8221C16E30041A2C9 /* Base */ = {isa = PBXFileReference; lastKnownFileType = file.storyboard; name = Base; path = Base.lproj/LaunchScreen.storyboard; sourceTree = "<group>"; };
		8E2B54CA221C16E30041A2C9 /* Info.plist */ = {isa = PBXFileReference; lastKnownFileType = text.plist.xml; path = Info.plist; sourceTree = "<group>"; };
		8E2B54CF221C16E40041A2C9 /* TestingGitHubTests.xctest */ = {isa = PBXFileReference; explicitFileType = wrapper.cfbundle; includeInIndex = 0; path = TestingGitHubTests.xctest; sourceTree = BUILT_PRODUCTS_DIR; };
		8E2B54D3221C16E40041A2C9 /* TestingGitHubTests.swift */ = {isa = PBXFileReference; lastKnownFileType = sourcecode.swift; path = TestingGitHubTests.swift; sourceTree = "<group>"; };
		8E2B54D5221C16E40041A2C9 /* Info.plist */ = {isa = PBXFileReference; lastKnownFileType = text.plist.xml; path = Info.plist; sourceTree = "<group>"; };
		8E2B54DA221C16E40041A2C9 /* TestingGitHubUITests.xctest */ = {isa = PBXFileReference; explicitFileType = wrapper.cfbundle; includeInIndex = 0; path = TestingGitHubUITests.xctest; sourceTree = BUILT_PRODUCTS_DIR; };
		8E2B54DE221C16E40041A2C9 /* TestingGitHubUITests.swift */ = {isa = PBXFileReference; lastKnownFileType = sourcecode.swift; path = TestingGitHubUITests.swift; sourceTree = "<group>"; };
		8E2B54E0221C16E40041A2C9 /* Info.plist */ = {isa = PBXFileReference; lastKnownFileType = text.plist.xml; path = Info.plist; sourceTree = "<group>"; };
/* End PBXFileReference section */

/* Begin PBXFrameworksBuildPhase section */
		8E2B54B8221C16E30041A2C9 /* Frameworks */ = {
			isa = PBXFrameworksBuildPhase;
			buildActionMask = 2147483647;
			files = (
			);
			runOnlyForDeploymentPostprocessing = 0;
		};
		8E2B54CC221C16E40041A2C9 /* Frameworks */ = {
			isa = PBXFrameworksBuildPhase;
			buildActionMask = 2147483647;
			files = (
			);
			runOnlyForDeploymentPostprocessing = 0;
		};
		8E2B54D7221C16E40041A2C9 /* Frameworks */ = {
			isa = PBXFrameworksBuildPhase;
			buildActionMask = 2147483647;
			files = (
			);
			runOnlyForDeploymentPostprocessing = 0;
		};
/* End PBXFrameworksBuildPhase section */

/* Begin PBXGroup section */
		8E2B54B2221C16E30041A2C9 = {
			isa = PBXGroup;
			children = (
				8E2B54BD221C16E30041A2C9 /* TestingGitHub */,
				8E2B54D2221C16E40041A2C9 /* TestingGitHubTests */,
				8E2B54DD221C16E40041A2C9 /* TestingGitHubUITests */,
				8E2B54BC221C16E30041A2C9 /* Products */,
			);
			sourceTree = "<group>";
		};
		8E2B54BC221C16E30041A2C9 /* Products */ = {
			isa = PBXGroup;
			children = (
				8E2B54BB221C16E30041A2C9 /* TestingGitHub.app */,
				8E2B54CF221C16E40041A2C9 /* TestingGitHubTests.xctest */,
				8E2B54DA221C16E40041A2C9 /* TestingGitHubUITests.xctest */,
			);
			name = Products;
			sourceTree = "<group>";
		};
		8E2B54BD221C16E30041A2C9 /* TestingGitHub */ = {
			isa = PBXGroup;
			children = (
				8E2B54BE221C16E30041A2C9 /* AppDelegate.swift */,
				8E2B54C0221C16E30041A2C9 /* ViewController.swift */,
				8E2B54C2221C16E30041A2C9 /* Main.storyboard */,
				8E2B54C5221C16E30041A2C9 /* Assets.xcassets */,
				8E2B54C7221C16E30041A2C9 /* LaunchScreen.storyboard */,
				8E2B54CA221C16E30041A2C9 /* Info.plist */,
			);
			path = TestingGitHub;
			sourceTree = "<group>";
		};
		8E2B54D2221C16E40041A2C9 /* TestingGitHubTests */ = {
			isa = PBXGroup;
			children = (
				8E2B54D3221C16E40041A2C9 /* TestingGitHubTests.swift */,
				8E2B54D5221C16E40041A2C9 /* Info.plist */,
			);
			path = TestingGitHubTests;
			sourceTree = "<group>";
		};
		8E2B54DD221C16E40041A2C9 /* TestingGitHubUITests */ = {
			isa = PBXGroup;
			children = (
				8E2B54DE221C16E40041A2C9 /* TestingGitHubUITests.swift */,
				8E2B54E0221C16E40041A2C9 /* Info.plist */,
			);
			path = TestingGitHubUITests;
			sourceTree = "<group>";
		};
/* End PBXGroup section */

/* Begin PBXNativeTarget section */
		8E2B54BA221C16E30041A2C9 /* TestingGitHub */ = {
			isa = PBXNativeTarget;
			buildConfigurationList = 8E2B54E3221C16E40041A2C9 /* Build configuration list for PBXNativeTarget "TestingGitHub" */;
			buildPhases = (
				8E2B54B7221C16E30041A2C9 /* Sources */,
				8E2B54B8221C16E30041A2C9 /* Frameworks */,
				8E2B54B9221C16E30041A2C9 /* Resources */,
			);
			buildRules = (
			);
			dependencies = (
			);
			name = TestingGitHub;
			productName = TestingGitHub;
			productReference = 8E2B54BB221C16E30041A2C9 /* TestingGitHub.app */;
			productType = "com.apple.product-type.application";
		};
		8E2B54CE221C16E40041A2C9 /* TestingGitHubTests */ = {
			isa = PBXNativeTarget;
			buildConfigurationList = 8E2B54E6221C16E40041A2C9 /* Build configuration list for PBXNativeTarget "TestingGitHubTests" */;
			buildPhases = (
				8E2B54CB221C16E40041A2C9 /* Sources */,
				8E2B54CC221C16E40041A2C9 /* Frameworks */,
				8E2B54CD221C16E40041A2C9 /* Resources */,
			);
			buildRules = (
			);
			dependencies = (
				8E2B54D1221C16E40041A2C9 /* PBXTargetDependency */,
			);
			name = TestingGitHubTests;
			productName = TestingGitHubTests;
			productReference = 8E2B54CF221C16E40041A2C9 /* TestingGitHubTests.xctest */;
			productType = "com.apple.product-type.bundle.unit-test";
		};
		8E2B54D9221C16E40041A2C9 /* TestingGitHubUITests */ = {
			isa = PBXNativeTarget;
			buildConfigurationList = 8E2B54E9221C16E40041A2C9 /* Build configuration list for PBXNativeTarget "TestingGitHubUITests" */;
			buildPhases = (
				8E2B54D6221C16E40041A2C9 /* Sources */,
				8E2B54D7221C16E40041A2C9 /* Frameworks */,
				8E2B54D8221C16E40041A2C9 /* Resources */,
			);
			buildRules = (
			);
			dependencies = (
				8E2B54DC221C16E40041A2C9 /* PBXTargetDependency */,
			);
			name = TestingGitHubUITests;
			productName = TestingGitHubUITests;
			productReference = 8E2B54DA221C16E40041A2C9 /* TestingGitHubUITests.xctest */;
			productType = "com.apple.product-type.bundle.ui-testing";
		};
/* End PBXNativeTarget section */

/* Begin PBXProject section */
		8E2B54B3221C16E30041A2C9 /* Project object */ = {
			isa = PBXProject;
			attributes = {
				LastSwiftUpdateCheck = 1010;
				LastUpgradeCheck = 1010;
				ORGANIZATIONNAME = "Tallal MIRZA";
				TargetAttributes = {
					8E2B54BA221C16E30041A2C9 = {
						CreatedOnToolsVersion = 10.1;
					};
					8E2B54CE221C16E40041A2C9 = {
						CreatedOnToolsVersion = 10.1;
						TestTargetID = 8E2B54BA221C16E30041A2C9;
					};
					8E2B54D9221C16E40041A2C9 = {
						CreatedOnToolsVersion = 10.1;
						TestTargetID = 8E2B54BA221C16E30041A2C9;
					};
				};
			};
			buildConfigurationList = 8E2B54B6221C16E30041A2C9 /* Build configuration list for PBXProject "TestingGitHub" */;
			compatibilityVersion = "Xcode 9.3";
			developmentRegion = en;
			hasScannedForEncodings = 0;
			knownRegions = (
				en,
				Base,
			);
			mainGroup = 8E2B54B2221C16E30041A2C9;
			productRefGroup = 8E2B54BC221C16E30041A2C9 /* Products */;
			projectDirPath = "";
			projectRoot = "";
			targets = (
				8E2B54BA221C16E30041A2C9 /* TestingGitHub */,
				8E2B54CE221C16E40041A2C9 /* TestingGitHubTests */,
				8E2B54D9221C16E40041A2C9 /* TestingGitHubUITests */,
			);
		};
/* End PBXProject section */

/* Begin PBXResourcesBuildPhase section */
		8E2B54B9221C16E30041A2C9 /* Resources */ = {
			isa = PBXResourcesBuildPhase;
			buildActionMask = 2147483647;
			files = (
				8E2B54C9221C16E30041A2C9 /* LaunchScreen.storyboard in Resources */,
				8E2B54C6221C16E30041A2C9 /* Assets.xcassets in Resources */,
				8E2B54C4221C16E30041A2C9 /* Main.storyboard in Resources */,
			);
			runOnlyForDeploymentPostprocessing = 0;
		};
		8E2B54CD221C16E40041A2C9 /* Resources */ = {
			isa = PBXResourcesBuildPhase;
			buildActionMask = 2147483647;
			files = (
			);
			runOnlyForDeploymentPostprocessing = 0;
		};
		8E2B54D8221C16E40041A2C9 /* Resources */ = {
			isa = PBXResourcesBuildPhase;
			buildActionMask = 2147483647;
			files = (
			);
			runOnlyForDeploymentPostprocessing = 0;
		};
/* End PBXResourcesBuildPhase section */

/* Begin PBXSourcesBuildPhase section */
		8E2B54B7221C16E30041A2C9 /* Sources */ = {
			isa = PBXSourcesBuildPhase;
			buildActionMask = 2147483647;
			files = (
				8E2B54C1221C16E30041A2C9 /* ViewController.swift in Sources */,
				8E2B54BF221C16E30041A2C9 /* AppDelegate.swift in Sources */,
			);
			runOnlyForDeploymentPostprocessing = 0;
		};
		8E2B54CB221C16E40041A2C9 /* Sources */ = {
			isa = PBXSourcesBuildPhase;
			buildActionMask = 2147483647;
			files = (
				8E2B54D4221C16E40041A2C9 /* TestingGitHubTests.swift in Sources */,
			);
			runOnlyForDeploymentPostprocessing = 0;
		};
		8E2B54D6221C16E40041A2C9 /* Sources */ = {
			isa = PBXSourcesBuildPhase;
			buildActionMask = 2147483647;
			files = (
				8E2B54DF221C16E40041A2C9 /* TestingGitHubUITests.swift in Sources */,
			);
			runOnlyForDeploymentPostprocessing = 0;
		};
/* End PBXSourcesBuildPhase section */

/* Begin PBXTargetDependency section */
		8E2B54D1221C16E40041A2C9 /* PBXTargetDependency */ = {
			isa = PBXTargetDependency;
			target = 8E2B54BA221C16E30041A2C9 /* TestingGitHub */;
			targetProxy = 8E2B54D0221C16E40041A2C9 /* PBXContainerItemProxy */;
		};
		8E2B54DC221C16E40041A2C9 /* PBXTargetDependency */ = {
			isa = PBXTargetDependency;
			target = 8E2B54BA221C16E30041A2C9 /* TestingGitHub */;
			targetProxy = 8E2B54DB221C16E40041A2C9 /* PBXContainerItemProxy */;
		};
/* End PBXTargetDependency section */

/* Begin PBXVariantGroup section */
		8E2B54C2221C16E30041A2C9 /* Main.storyboard */ = {
			isa = PBXVariantGroup;
			children = (
				8E2B54C3221C16E30041A2C9 /* Base */,
			);
			name = Main.storyboard;
			sourceTree = "<group>";
		};
		8E2B54C7221C16E30041A2C9 /* LaunchScreen.storyboard */ = {
			isa = PBXVariantGroup;
			children = (
				8E2B54C8221C16E30041A2C9 /* Base */,
			);
			name = LaunchScreen.storyboard;
			sourceTree = "<group>";
		};
/* End PBXVariantGroup section */

/* Begin XCBuildConfiguration section */
		8E2B54E1221C16E40041A2C9 /* Debug */ = {
			isa = XCBuildConfiguration;
			buildSettings = {
				ALWAYS_SEARCH_USER_PATHS = NO;
				CLANG_ANALYZER_NONNULL = YES;
				CLANG_ANALYZER_NUMBER_OBJECT_CONVERSION = YES_AGGRESSIVE;
				CLANG_CXX_LANGUAGE_STANDARD = "gnu++14";
				CLANG_CXX_LIBRARY = "libc++";
				CLANG_ENABLE_MODULES = YES;
				CLANG_ENABLE_OBJC_ARC = YES;
				CLANG_ENABLE_OBJC_WEAK = YES;
				CLANG_WARN_BLOCK_CAPTURE_AUTORELEASING = YES;
				CLANG_WARN_BOOL_CONVERSION = YES;
				CLANG_WARN_COMMA = YES;
				CLANG_WARN_CONSTANT_CONVERSION = YES;
				CLANG_WARN_DEPRECATED_OBJC_IMPLEMENTATIONS = YES;
				CLANG_WARN_DIRECT_OBJC_ISA_USAGE = YES_ERROR;
				CLANG_WARN_DOCUMENTATION_COMMENTS = YES;
				CLANG_WARN_EMPTY_BODY = YES;
				CLANG_WARN_ENUM_CONVERSION = YES;
				CLANG_WARN_INFINITE_RECURSION = YES;
				CLANG_WARN_INT_CONVERSION = YES;
				CLANG_WARN_NON_LITERAL_NULL_CONVERSION = YES;
				CLANG_WARN_OBJC_IMPLICIT_RETAIN_SELF = YES;
				CLANG_WARN_OBJC_LITERAL_CONVERSION = YES;
				CLANG_WARN_OBJC_ROOT_CLASS = YES_ERROR;
				CLANG_WARN_RANGE_LOOP_ANALYSIS = YES;
				CLANG_WARN_STRICT_PROTOTYPES = YES;
				CLANG_WARN_SUSPICIOUS_MOVE = YES;
				CLANG_WARN_UNGUARDED_AVAILABILITY = YES_AGGRESSIVE;
				CLANG_WARN_UNREACHABLE_CODE = YES;
				CLANG_WARN__DUPLICATE_METHOD_MATCH = YES;
				CODE_SIGN_IDENTITY = "iPhone Developer";
				COPY_PHASE_STRIP = NO;
				DEBUG_INFORMATION_FORMAT = dwarf;
				ENABLE_STRICT_OBJC_MSGSEND = YES;
				ENABLE_TESTABILITY = YES;
				GCC_C_LANGUAGE_STANDARD = gnu11;
				GCC_DYNAMIC_NO_PIC = NO;
				GCC_NO_COMMON_BLOCKS = YES;
				GCC_OPTIMIZATION_LEVEL = 0;
				GCC_PREPROCESSOR_DEFINITIONS = (
					"DEBUG=1",
					"$(inherited)",
				);
				GCC_WARN_64_TO_32_BIT_CONVERSION = YES;
				GCC_WARN_ABOUT_RETURN_TYPE = YES_ERROR;
				GCC_WARN_UNDECLARED_SELECTOR = YES;
				GCC_WARN_UNINITIALIZED_AUTOS = YES_AGGRESSIVE;
				GCC_WARN_UNUSED_FUNCTION = YES;
				GCC_WARN_UNUSED_VARIABLE = YES;
				IPHONEOS_DEPLOYMENT_TARGET = 12.1;
				MTL_ENABLE_DEBUG_INFO = INCLUDE_SOURCE;
				MTL_FAST_MATH = YES;
				ONLY_ACTIVE_ARCH = YES;
				SDKROOT = iphoneos;
				SWIFT_ACTIVE_COMPILATION_CONDITIONS = DEBUG;
				SWIFT_OPTIMIZATION_LEVEL = "-Onone";
			};
			name = Debug;
		};
		8E2B54E2221C16E40041A2C9 /* Release */ = {
			isa = XCBuildConfiguration;
			buildSettings = {
				ALWAYS_SEARCH_USER_PATHS = NO;
				CLANG_ANALYZER_NONNULL = YES;
				CLANG_ANALYZER_NUMBER_OBJECT_CONVERSION = YES_AGGRESSIVE;
				CLANG_CXX_LANGUAGE_STANDARD = "gnu++14";
				CLANG_CXX_LIBRARY = "libc++";
				CLANG_ENABLE_MODULES = YES;
				CLANG_ENABLE_OBJC_ARC = YES;
				CLANG_ENABLE_OBJC_WEAK = YES;
				CLANG_WARN_BLOCK_CAPTURE_AUTORELEASING = YES;
				CLANG_WARN_BOOL_CONVERSION = YES;
				CLANG_WARN_COMMA = YES;
				CLANG_WARN_CONSTANT_CONVERSION = YES;
				CLANG_WARN_DEPRECATED_OBJC_IMPLEMENTATIONS = YES;
				CLANG_WARN_DIRECT_OBJC_ISA_USAGE = YES_ERROR;
				CLANG_WARN_DOCUMENTATION_COMMENTS = YES;
				CLANG_WARN_EMPTY_BODY = YES;
				CLANG_WARN_ENUM_CONVERSION = YES;
				CLANG_WARN_INFINITE_RECURSION = YES;
				CLANG_WARN_INT_CONVERSION = YES;
				CLANG_WARN_NON_LITERAL_NULL_CONVERSION = YES;
				CLANG_WARN_OBJC_IMPLICIT_RETAIN_SELF = YES;
				CLANG_WARN_OBJC_LITERAL_CONVERSION = YES;
				CLANG_WARN_OBJC_ROOT_CLASS = YES_ERROR;
				CLANG_WARN_RANGE_LOOP_ANALYSIS = YES;
				CLANG_WARN_STRICT_PROTOTYPES = YES;
				CLANG_WARN_SUSPICIOUS_MOVE = YES;
				CLANG_WARN_UNGUARDED_AVAILABILITY = YES_AGGRESSIVE;
				CLANG_WARN_UNREACHABLE_CODE = YES;
				CLANG_WARN__DUPLICATE_METHOD_MATCH = YES;
				CODE_SIGN_IDENTITY = "iPhone Developer";
				COPY_PHASE_STRIP = NO;
				DEBUG_INFORMATION_FORMAT = "dwarf-with-dsym";
				ENABLE_NS_ASSERTIONS = NO;
				ENABLE_STRICT_OBJC_MSGSEND = YES;
				GCC_C_LANGUAGE_STANDARD = gnu11;
				GCC_NO_COMMON_BLOCKS = YES;
				GCC_WARN_64_TO_32_BIT_CONVERSION = YES;
				GCC_WARN_ABOUT_RETURN_TYPE = YES_ERROR;
				GCC_WARN_UNDECLARED_SELECTOR = YES;
				GCC_WARN_UNINITIALIZED_AUTOS = YES_AGGRESSIVE;
				GCC_WARN_UNUSED_FUNCTION = YES;
				GCC_WARN_UNUSED_VARIABLE = YES;
				IPHONEOS_DEPLOYMENT_TARGET = 12.1;
				MTL_ENABLE_DEBUG_INFO = NO;
				MTL_FAST_MATH = YES;
				SDKROOT = iphoneos;
				SWIFT_COMPILATION_MODE = wholemodule;
				SWIFT_OPTIMIZATION_LEVEL = "-O";
				VALIDATE_PRODUCT = YES;
			};
			name = Release;
		};
		8E2B54E4221C16E40041A2C9 /* Debug */ = {
			isa = XCBuildConfiguration;
			buildSettings = {
				ASSETCATALOG_COMPILER_APPICON_NAME = AppIcon;
				CODE_SIGN_STYLE = Automatic;
				INFOPLIST_FILE = TestingGitHub/Info.plist;
				LD_RUNPATH_SEARCH_PATHS = (
					"$(inherited)",
					"@executable_path/Frameworks",
				);
				PRODUCT_BUNDLE_IDENTIFIER = TallalMirza.TestingGitHub;
				PRODUCT_NAME = "$(TARGET_NAME)";
				SWIFT_VERSION = 4.2;
				TARGETED_DEVICE_FAMILY = "1,2";
			};
			name = Debug;
		};
		8E2B54E5221C16E40041A2C9 /* Release */ = {
			isa = XCBuildConfiguration;
			buildSettings = {
				ASSETCATALOG_COMPILER_APPICON_NAME = AppIcon;
				CODE_SIGN_STYLE = Automatic;
				INFOPLIST_FILE = TestingGitHub/Info.plist;
				LD_RUNPATH_SEARCH_PATHS = (
					"$(inherited)",
					"@executable_path/Frameworks",
				);
				PRODUCT_BUNDLE_IDENTIFIER = TallalMirza.TestingGitHub;
				PRODUCT_NAME = "$(TARGET_NAME)";
				SWIFT_VERSION = 4.2;
				TARGETED_DEVICE_FAMILY = "1,2";
			};
			name = Release;
		};
		8E2B54E7221C16E40041A2C9 /* Debug */ = {
			isa = XCBuildConfiguration;
			buildSettings = {
				ALWAYS_EMBED_SWIFT_STANDARD_LIBRARIES = YES;
				BUNDLE_LOADER = "$(TEST_HOST)";
				CODE_SIGN_STYLE = Automatic;
				INFOPLIST_FILE = TestingGitHubTests/Info.plist;
				LD_RUNPATH_SEARCH_PATHS = (
					"$(inherited)",
					"@executable_path/Frameworks",
					"@loader_path/Frameworks",
				);
				PRODUCT_BUNDLE_IDENTIFIER = TallalMirza.TestingGitHubTests;
				PRODUCT_NAME = "$(TARGET_NAME)";
				SWIFT_VERSION = 4.2;
				TARGETED_DEVICE_FAMILY = "1,2";
				TEST_HOST = "$(BUILT_PRODUCTS_DIR)/TestingGitHub.app/TestingGitHub";
			};
			name = Debug;
		};
		8E2B54E8221C16E40041A2C9 /* Release */ = {
			isa = XCBuildConfiguration;
			buildSettings = {
				ALWAYS_EMBED_SWIFT_STANDARD_LIBRARIES = YES;
				BUNDLE_LOADER = "$(TEST_HOST)";
				CODE_SIGN_STYLE = Automatic;
				INFOPLIST_FILE = TestingGitHubTests/Info.plist;
				LD_RUNPATH_SEARCH_PATHS = (
					"$(inherited)",
					"@executable_path/Frameworks",
					"@loader_path/Frameworks",
				);
				PRODUCT_BUNDLE_IDENTIFIER = TallalMirza.TestingGitHubTests;
				PRODUCT_NAME = "$(TARGET_NAME)";
				SWIFT_VERSION = 4.2;
				TARGETED_DEVICE_FAMILY = "1,2";
				TEST_HOST = "$(BUILT_PRODUCTS_DIR)/TestingGitHub.app/TestingGitHub";
			};
			name = Release;
		};
		8E2B54EA221C16E40041A2C9 /* Debug */ = {
			isa = XCBuildConfiguration;
			buildSettings = {
				ALWAYS_EMBED_SWIFT_STANDARD_LIBRARIES = YES;
				CODE_SIGN_STYLE = Automatic;
				INFOPLIST_FILE = TestingGitHubUITests/Info.plist;
				LD_RUNPATH_SEARCH_PATHS = (
					"$(inherited)",
					"@executable_path/Frameworks",
					"@loader_path/Frameworks",
				);
				PRODUCT_BUNDLE_IDENTIFIER = TallalMirza.TestingGitHubUITests;
				PRODUCT_NAME = "$(TARGET_NAME)";
				SWIFT_VERSION = 4.2;
				TARGETED_DEVICE_FAMILY = "1,2";
				TEST_TARGET_NAME = TestingGitHub;
			};
			name = Debug;
		};
		8E2B54EB221C16E40041A2C9 /* Release */ = {
			isa = XCBuildConfiguration;
			buildSettings = {
				ALWAYS_EMBED_SWIFT_STANDARD_LIBRARIES = YES;
				CODE_SIGN_STYLE = Automatic;
				INFOPLIST_FILE = TestingGitHubUITests/Info.plist;
				LD_RUNPATH_SEARCH_PATHS = (
					"$(inherited)",
					"@executable_path/Frameworks",
					"@loader_path/Frameworks",
				);
				PRODUCT_BUNDLE_IDENTIFIER = TallalMirza.TestingGitHubUITests;
				PRODUCT_NAME = "$(TARGET_NAME)";
				SWIFT_VERSION = 4.2;
				TARGETED_DEVICE_FAMILY = "1,2";
				TEST_TARGET_NAME = TestingGitHub;
			};
			name = Release;
		};
/* End XCBuildConfiguration section */

/* Begin XCConfigurationList section */
		8E2B54B6221C16E30041A2C9 /* Build configuration list for PBXProject "TestingGitHub" */ = {
			isa = XCConfigurationList;
			buildConfigurations = (
				8E2B54E1221C16E40041A2C9 /* Debug */,
				8E2B54E2221C16E40041A2C9 /* Release */,
			);
			defaultConfigurationIsVisible = 0;
			defaultConfigurationName = Release;
		};
		8E2B54E3221C16E40041A2C9 /* Build configuration list for PBXNativeTarget "TestingGitHub" */ = {
			isa = XCConfigurationList;
			buildConfigurations = (
				8E2B54E4221C16E40041A2C9 /* Debug */,
				8E2B54E5221C16E40041A2C9 /* Release */,
			);
			defaultConfigurationIsVisible = 0;
			defaultConfigurationName = Release;
		};
		8E2B54E6221C16E40041A2C9 /* Build configuration list for PBXNativeTarget "TestingGitHubTests" */ = {
			isa = XCConfigurationList;
			buildConfigurations = (
				8E2B54E7221C16E40041A2C9 /* Debug */,
				8E2B54E8221C16E40041A2C9 /* Release */,
			);
			defaultConfigurationIsVisible = 0;
			defaultConfigurationName = Release;
		};
		8E2B54E9221C16E40041A2C9 /* Build configuration list for PBXNativeTarget "TestingGitHubUITests" */ = {
			isa = XCConfigurationList;
			buildConfigurations = (
				8E2B54EA221C16E40041A2C9 /* Debug */,
				8E2B54EB221C16E40041A2C9 /* Release */,
			);
			defaultConfigurationIsVisible = 0;
			defaultConfigurationName = Release;
		};
/* End XCConfigurationList section */
	};
	rootObject = 8E2B54B3221C16E30041A2C9 /* Project object */;
}
